
Microsoft Visual Studio Solution File, Format Version 12.00
# Visual Studio 15
VisualStudioVersion = 15.0.34320.172
MinimumVisualStudioVersion = 10.0.40219.1
Project("{FAE04EC0-301F-11D3-BF4B-00C04F79EFBC}") = "AxialSqlTools", "AxialSqlTools\AxialSqlTools.csproj", "{67EF838E-C834-482E-B8A4-53F24C9E914E}"
EndProject
Global
	GlobalSection(SolutionConfigurationPlatforms) = preSolution
		Debug|Any CPU = Debug|Any CPU
		Release|Any CPU = Release|Any CPU
		SSMS18|Any CPU = SSMS18|Any CPU
		SSMS19|Any CPU = SSMS19|Any CPU
		SSMS20|Any CPU = SSMS20|Any CPU
	EndGlobalSection
	GlobalSection(ProjectConfigurationPlatforms) = postSolution
		{67EF838E-C834-482E-B8A4-53F24C9E914E}.Debug|Any CPU.ActiveCfg = Debug|Any CPU
		{67EF838E-C834-482E-B8A4-53F24C9E914E}.Debug|Any CPU.Build.0 = Debug|Any CPU
		{67EF838E-C834-482E-B8A4-53F24C9E914E}.Release|Any CPU.ActiveCfg = Release|Any CPU
		{67EF838E-C834-482E-B8A4-53F24C9E914E}.Release|Any CPU.Build.0 = Release|Any CPU
		{67EF838E-C834-482E-B8A4-53F24C9E914E}.SSMS18|Any CPU.ActiveCfg = SSMS18|Any CPU
		{67EF838E-C834-482E-B8A4-53F24C9E914E}.SSMS18|Any CPU.Build.0 = SSMS18|Any CPU
		{67EF838E-C834-482E-B8A4-53F24C9E914E}.SSMS19|Any CPU.ActiveCfg = SSMS19|Any CPU
		{67EF838E-C834-482E-B8A4-53F24C9E914E}.SSMS19|Any CPU.Build.0 = SSMS19|Any CPU
		{67EF838E-C834-482E-B8A4-53F24C9E914E}.SSMS20|Any CPU.ActiveCfg = SSMS20|Any CPU
		{67EF838E-C834-482E-B8A4-53F24C9E914E}.SSMS20|Any CPU.Build.0 = SSMS20|Any CPU
	EndGlobalSection
	GlobalSection(SolutionProperties) = preSolution
		HideSolutionNode = FALSE
	EndGlobalSection
	GlobalSection(ExtensibilityGlobals) = postSolution
		SolutionGuid = {0D8D2E48-3DD8-4D39-BE0C-1C20B0C31520}
	EndGlobalSection
EndGlobal
